
Microsoft Visual Studio Solution File, Format Version 12.00
# Visual Studio Version 16
VisualStudioVersion = 16.0.30804.86
MinimumVisualStudioVersion = 10.0.40219.1
Project("{FAE04EC0-301F-11D3-BF4B-00C04F79EFBC}") = "BinarySearch", "BinarySearch\BinarySearch.csproj", "{B59E2238-F7F0-49D5-A615-F015A9C51329}"
EndProject
Global
	GlobalSection(SolutionConfigurationPlatforms) = preSolution
		Debug|Any CPU = Debug|Any CPU
		Release|Any CPU = Release|Any CPU
	EndGlobalSection
	GlobalSection(ProjectConfigurationPlatforms) = postSolution
		{B59E2238-F7F0-49D5-A615-F015A9C51329}.Debug|Any CPU.ActiveCfg = Debug|Any CPU
		{B59E2238-F7F0-49D5-A615-F015A9C51329}.Debug|Any CPU.Build.0 = Debug|Any CPU
		{B59E2238-F7F0-49D5-A615-F015A9C51329}.Release|Any CPU.ActiveCfg = Release|Any CPU
		{B59E2238-F7F0-49D5-A615-F015A9C51329}.Release|Any CPU.Build.0 = Release|Any CPU
	EndGlobalSection
	GlobalSection(SolutionProperties) = preSolution
		HideSolutionNode = FALSE
	EndGlobalSection
	GlobalSection(ExtensibilityGlobals) = postSolution
		SolutionGuid = {2FA1750D-2B56-4D35-A4A5-0D5611F0C974}
	EndGlobalSection
EndGlobal
